
Microsoft Visual Studio Solution File, Format Version 12.00
# Visual Studio Version 17
VisualStudioVersion = 17.2.32516.85
MinimumVisualStudioVersion = 10.0.40219.1
Project("{FAE04EC0-301F-11D3-BF4B-00C04F79EFBC}") = "PS3-PackageViewer", "src\PS3-PackageViewer\PS3-PackageViewer.csproj", "{18180B62-EB91-4E96-AC03-DA5D60346A74}"
EndProject
Global
	GlobalSection(SolutionConfigurationPlatforms) = preSolution
		Debug|Any CPU = Debug|Any CPU
		Release|Any CPU = Release|Any CPU
	EndGlobalSection
	GlobalSection(ProjectConfigurationPlatforms) = postSolution
		{18180B62-EB91-4E96-AC03-DA5D60346A74}.Debug|Any CPU.ActiveCfg = Debug|Any CPU
		{18180B62-EB91-4E96-AC03-DA5D60346A74}.Debug|Any CPU.Build.0 = Debug|Any CPU
		{18180B62-EB91-4E96-AC03-DA5D60346A74}.Release|Any CPU.ActiveCfg = Release|Any CPU
		{18180B62-EB91-4E96-AC03-DA5D60346A74}.Release|Any CPU.Build.0 = Release|Any CPU
	EndGlobalSection
	GlobalSection(SolutionProperties) = preSolution
		HideSolutionNode = FALSE
	EndGlobalSection
	GlobalSection(ExtensibilityGlobals) = postSolution
		SolutionGuid = {F1D3C064-2F8E-479C-9889-3416F3D051F1}
	EndGlobalSection
EndGlobal
